
Microsoft Visual Studio Solution File, Format Version 12.00
# Visual Studio 15
VisualStudioVersion = 15.0.28307.329
MinimumVisualStudioVersion = 10.0.40219.1
Project("{FAE04EC0-301F-11D3-BF4B-00C04F79EFBC}") = "OOPPracticeApp", "OOPPracticeApp\OOPPracticeApp.csproj", "{9E185333-E118-49A0-80CD-7018A1CFAAAA}"
EndProject
Global
	GlobalSection(SolutionConfigurationPlatforms) = preSolution
		Debug|Any CPU = Debug|Any CPU
		Release|Any CPU = Release|Any CPU
	EndGlobalSection
	GlobalSection(ProjectConfigurationPlatforms) = postSolution
		{9E185333-E118-49A0-80CD-7018A1CFAAAA}.Debug|Any CPU.ActiveCfg = Debug|Any CPU
		{9E185333-E118-49A0-80CD-7018A1CFAAAA}.Debug|Any CPU.Build.0 = Debug|Any CPU
		{9E185333-E118-49A0-80CD-7018A1CFAAAA}.Release|Any CPU.ActiveCfg = Release|Any CPU
		{9E185333-E118-49A0-80CD-7018A1CFAAAA}.Release|Any CPU.Build.0 = Release|Any CPU
	EndGlobalSection
	GlobalSection(SolutionProperties) = preSolution
		HideSolutionNode = FALSE
	EndGlobalSection
	GlobalSection(ExtensibilityGlobals) = postSolution
		SolutionGuid = {B2F80A08-6848-4EDE-ABF8-EA467CDD9754}
	EndGlobalSection
EndGlobal
